// !$*UTF8*$!
{
	archiveVersion = 1;
	classes = {
	};
	objectVersion = 56;
	objects = {

/* Begin PBXBuildFile section */
		588876B32B6D75D4003FEACE /* UnhurdSpotifySearchApp.swift in Sources */ = {isa = PBXBuildFile; fileRef = 588876B22B6D75D4003FEACE /* UnhurdSpotifySearchApp.swift */; };
		588876B52B6D75D4003FEACE /* ContentView.swift in Sources */ = {isa = PBXBuildFile; fileRef = 588876B42B6D75D4003FEACE /* ContentView.swift */; };
		588876B72B6D75D6003FEACE /* Assets.xcassets in Resources */ = {isa = PBXBuildFile; fileRef = 588876B62B6D75D6003FEACE /* Assets.xcassets */; };
		588876BB2B6D75D6003FEACE /* Preview Assets.xcassets in Resources */ = {isa = PBXBuildFile; fileRef = 588876BA2B6D75D6003FEACE /* Preview Assets.xcassets */; };
		588876C52B6D75D6003FEACE /* UnhurdSpotifySearchTests.swift in Sources */ = {isa = PBXBuildFile; fileRef = 588876C42B6D75D6003FEACE /* UnhurdSpotifySearchTests.swift */; };
		588876CF2B6D75D6003FEACE /* UnhurdSpotifySearchUITests.swift in Sources */ = {isa = PBXBuildFile; fileRef = 588876CE2B6D75D6003FEACE /* UnhurdSpotifySearchUITests.swift */; };
		588876D12B6D75D6003FEACE /* UnhurdSpotifySearchUITestsLaunchTests.swift in Sources */ = {isa = PBXBuildFile; fileRef = 588876D02B6D75D6003FEACE /* UnhurdSpotifySearchUITestsLaunchTests.swift */; };
		588876DE2B6D78A5003FEACE /* AppDelegate.swift in Sources */ = {isa = PBXBuildFile; fileRef = 588876DD2B6D78A5003FEACE /* AppDelegate.swift */; };
		588876E02B6D78BF003FEACE /* SceneDelegate.swift in Sources */ = {isa = PBXBuildFile; fileRef = 588876DF2B6D78BF003FEACE /* SceneDelegate.swift */; };
/* End PBXBuildFile section */

/* Begin PBXContainerItemProxy section */
		588876C12B6D75D6003FEACE /* PBXContainerItemProxy */ = {
			isa = PBXContainerItemProxy;
			containerPortal = 588876A72B6D75D4003FEACE /* Project object */;
			proxyType = 1;
			remoteGlobalIDString = 588876AE2B6D75D4003FEACE;
			remoteInfo = UnhurdSpotifySearch;
		};
		588876CB2B6D75D6003FEACE /* PBXContainerItemProxy */ = {
			isa = PBXContainerItemProxy;
			containerPortal = 588876A72B6D75D4003FEACE /* Project object */;
			proxyType = 1;
			remoteGlobalIDString = 588876AE2B6D75D4003FEACE;
			remoteInfo = UnhurdSpotifySearch;
		};
/* End PBXContainerItemProxy section */

/* Begin PBXFileReference section */
		588876AF2B6D75D4003FEACE /* UnhurdSpotifySearch.app */ = {isa = PBXFileReference; explicitFileType = wrapper.application; includeInIndex = 0; path = UnhurdSpotifySearch.app; sourceTree = BUILT_PRODUCTS_DIR; };
		588876B22B6D75D4003FEACE /* UnhurdSpotifySearchApp.swift */ = {isa = PBXFileReference; lastKnownFileType = sourcecode.swift; path = UnhurdSpotifySearchApp.swift; sourceTree = "<group>"; };
		588876B42B6D75D4003FEACE /* ContentView.swift */ = {isa = PBXFileReference; lastKnownFileType = sourcecode.swift; path = ContentView.swift; sourceTree = "<group>"; };
		588876B62B6D75D6003FEACE /* Assets.xcassets */ = {isa = PBXFileReference; lastKnownFileType = folder.assetcatalog; path = Assets.xcassets; sourceTree = "<group>"; };
		588876B82B6D75D6003FEACE /* UnhurdSpotifySearch.entitlements */ = {isa = PBXFileReference; lastKnownFileType = text.plist.entitlements; path = UnhurdSpotifySearch.entitlements; sourceTree = "<group>"; };
		588876BA2B6D75D6003FEACE /* Preview Assets.xcassets */ = {isa = PBXFileReference; lastKnownFileType = folder.assetcatalog; path = "Preview Assets.xcassets"; sourceTree = "<group>"; };
		588876C02B6D75D6003FEACE /* UnhurdSpotifySearchTests.xctest */ = {isa = PBXFileReference; explicitFileType = wrapper.cfbundle; includeInIndex = 0; path = UnhurdSpotifySearchTests.xctest; sourceTree = BUILT_PRODUCTS_DIR; };
		588876C42B6D75D6003FEACE /* UnhurdSpotifySearchTests.swift */ = {isa = PBXFileReference; lastKnownFileType = sourcecode.swift; path = UnhurdSpotifySearchTests.swift; sourceTree = "<group>"; };
		588876CA2B6D75D6003FEACE /* UnhurdSpotifySearchUITests.xctest */ = {isa = PBXFileReference; explicitFileType = wrapper.cfbundle; includeInIndex = 0; path = UnhurdSpotifySearchUITests.xctest; sourceTree = BUILT_PRODUCTS_DIR; };
		588876CE2B6D75D6003FEACE /* UnhurdSpotifySearchUITests.swift */ = {isa = PBXFileReference; lastKnownFileType = sourcecode.swift; path = UnhurdSpotifySearchUITests.swift; sourceTree = "<group>"; };
		588876D02B6D75D6003FEACE /* UnhurdSpotifySearchUITestsLaunchTests.swift */ = {isa = PBXFileReference; lastKnownFileType = sourcecode.swift; path = UnhurdSpotifySearchUITestsLaunchTests.swift; sourceTree = "<group>"; };
		588876DD2B6D78A5003FEACE /* AppDelegate.swift */ = {isa = PBXFileReference; lastKnownFileType = sourcecode.swift; path = AppDelegate.swift; sourceTree = "<group>"; };
		588876DF2B6D78BF003FEACE /* SceneDelegate.swift */ = {isa = PBXFileReference; lastKnownFileType = sourcecode.swift; path = SceneDelegate.swift; sourceTree = "<group>"; };
/* End PBXFileReference section */

/* Begin PBXFrameworksBuildPhase section */
		588876AC2B6D75D4003FEACE /* Frameworks */ = {
			isa = PBXFrameworksBuildPhase;
			buildActionMask = 2147483647;
			files = (
			);
			runOnlyForDeploymentPostprocessing = 0;
		};
		588876BD2B6D75D6003FEACE /* Frameworks */ = {
			isa = PBXFrameworksBuildPhase;
			buildActionMask = 2147483647;
			files = (
			);
			runOnlyForDeploymentPostprocessing = 0;
		};
		588876C72B6D75D6003FEACE /* Frameworks */ = {
			isa = PBXFrameworksBuildPhase;
			buildActionMask = 2147483647;
			files = (
			);
			runOnlyForDeploymentPostprocessing = 0;
		};
/* End PBXFrameworksBuildPhase section */

/* Begin PBXGroup section */
		588876A62B6D75D4003FEACE = {
			isa = PBXGroup;
			children = (
				588876B12B6D75D4003FEACE /* UnhurdSpotifySearch */,
				588876C32B6D75D6003FEACE /* UnhurdSpotifySearchTests */,
				588876CD2B6D75D6003FEACE /* UnhurdSpotifySearchUITests */,
				588876B02B6D75D4003FEACE /* Products */,
			);
			sourceTree = "<group>";
		};
		588876B02B6D75D4003FEACE /* Products */ = {
			isa = PBXGroup;
			children = (
				588876AF2B6D75D4003FEACE /* UnhurdSpotifySearch.app */,
				588876C02B6D75D6003FEACE /* UnhurdSpotifySearchTests.xctest */,
				588876CA2B6D75D6003FEACE /* UnhurdSpotifySearchUITests.xctest */,
			);
			name = Products;
			sourceTree = "<group>";
		};
		588876B12B6D75D4003FEACE /* UnhurdSpotifySearch */ = {
			isa = PBXGroup;
			children = (
				588876B22B6D75D4003FEACE /* UnhurdSpotifySearchApp.swift */,
				588876B42B6D75D4003FEACE /* ContentView.swift */,
				588876B62B6D75D6003FEACE /* Assets.xcassets */,
				588876B82B6D75D6003FEACE /* UnhurdSpotifySearch.entitlements */,
				588876B92B6D75D6003FEACE /* Preview Content */,
				588876DD2B6D78A5003FEACE /* AppDelegate.swift */,
				588876DF2B6D78BF003FEACE /* SceneDelegate.swift */,
			);
			path = UnhurdSpotifySearch;
			sourceTree = "<group>";
		};
		588876B92B6D75D6003FEACE /* Preview Content */ = {
			isa = PBXGroup;
			children = (
				588876BA2B6D75D6003FEACE /* Preview Assets.xcassets */,
			);
			path = "Preview Content";
			sourceTree = "<group>";
		};
		588876C32B6D75D6003FEACE /* UnhurdSpotifySearchTests */ = {
			isa = PBXGroup;
			children = (
				588876C42B6D75D6003FEACE /* UnhurdSpotifySearchTests.swift */,
			);
			path = UnhurdSpotifySearchTests;
			sourceTree = "<group>";
		};
		588876CD2B6D75D6003FEACE /* UnhurdSpotifySearchUITests */ = {
			isa = PBXGroup;
			children = (
				588876CE2B6D75D6003FEACE /* UnhurdSpotifySearchUITests.swift */,
				588876D02B6D75D6003FEACE /* UnhurdSpotifySearchUITestsLaunchTests.swift */,
			);
			path = UnhurdSpotifySearchUITests;
			sourceTree = "<group>";
		};
/* End PBXGroup section */

/* Begin PBXNativeTarget section */
		588876AE2B6D75D4003FEACE /* UnhurdSpotifySearch */ = {
			isa = PBXNativeTarget;
			buildConfigurationList = 588876D42B6D75D6003FEACE /* Build configuration list for PBXNativeTarget "UnhurdSpotifySearch" */;
			buildPhases = (
				588876AB2B6D75D4003FEACE /* Sources */,
				588876AC2B6D75D4003FEACE /* Frameworks */,
				588876AD2B6D75D4003FEACE /* Resources */,
			);
			buildRules = (
			);
			dependencies = (
			);
			name = UnhurdSpotifySearch;
			productName = UnhurdSpotifySearch;
			productReference = 588876AF2B6D75D4003FEACE /* UnhurdSpotifySearch.app */;
			productType = "com.apple.product-type.application";
		};
		588876BF2B6D75D6003FEACE /* UnhurdSpotifySearchTests */ = {
			isa = PBXNativeTarget;
			buildConfigurationList = 588876D72B6D75D6003FEACE /* Build configuration list for PBXNativeTarget "UnhurdSpotifySearchTests" */;
			buildPhases = (
				588876BC2B6D75D6003FEACE /* Sources */,
				588876BD2B6D75D6003FEACE /* Frameworks */,
				588876BE2B6D75D6003FEACE /* Resources */,
			);
			buildRules = (
			);
			dependencies = (
				588876C22B6D75D6003FEACE /* PBXTargetDependency */,
			);
			name = UnhurdSpotifySearchTests;
			productName = UnhurdSpotifySearchTests;
			productReference = 588876C02B6D75D6003FEACE /* UnhurdSpotifySearchTests.xctest */;
			productType = "com.apple.product-type.bundle.unit-test";
		};
		588876C92B6D75D6003FEACE /* UnhurdSpotifySearchUITests */ = {
			isa = PBXNativeTarget;
			buildConfigurationList = 588876DA2B6D75D6003FEACE /* Build configuration list for PBXNativeTarget "UnhurdSpotifySearchUITests" */;
			buildPhases = (
				588876C62B6D75D6003FEACE /* Sources */,
				588876C72B6D75D6003FEACE /* Frameworks */,
				588876C82B6D75D6003FEACE /* Resources */,
			);
			buildRules = (
			);
			dependencies = (
				588876CC2B6D75D6003FEACE /* PBXTargetDependency */,
			);
			name = UnhurdSpotifySearchUITests;
			productName = UnhurdSpotifySearchUITests;
			productReference = 588876CA2B6D75D6003FEACE /* UnhurdSpotifySearchUITests.xctest */;
			productType = "com.apple.product-type.bundle.ui-testing";
		};
/* End PBXNativeTarget section */

/* Begin PBXProject section */
		588876A72B6D75D4003FEACE /* Project object */ = {
			isa = PBXProject;
			attributes = {
				BuildIndependentTargetsInParallel = 1;
				LastSwiftUpdateCheck = 1510;
				LastUpgradeCheck = 1510;
				TargetAttributes = {
					588876AE2B6D75D4003FEACE = {
						CreatedOnToolsVersion = 15.1;
					};
					588876BF2B6D75D6003FEACE = {
						CreatedOnToolsVersion = 15.1;
						TestTargetID = 588876AE2B6D75D4003FEACE;
					};
					588876C92B6D75D6003FEACE = {
						CreatedOnToolsVersion = 15.1;
						TestTargetID = 588876AE2B6D75D4003FEACE;
					};
				};
			};
			buildConfigurationList = 588876AA2B6D75D4003FEACE /* Build configuration list for PBXProject "UnhurdSpotifySearch" */;
			compatibilityVersion = "Xcode 14.0";
			developmentRegion = en;
			hasScannedForEncodings = 0;
			knownRegions = (
				en,
				Base,
			);
			mainGroup = 588876A62B6D75D4003FEACE;
			productRefGroup = 588876B02B6D75D4003FEACE /* Products */;
			projectDirPath = "";
			projectRoot = "";
			targets = (
				588876AE2B6D75D4003FEACE /* UnhurdSpotifySearch */,
				588876BF2B6D75D6003FEACE /* UnhurdSpotifySearchTests */,
				588876C92B6D75D6003FEACE /* UnhurdSpotifySearchUITests */,
			);
		};
/* End PBXProject section */

/* Begin PBXResourcesBuildPhase section */
		588876AD2B6D75D4003FEACE /* Resources */ = {
			isa = PBXResourcesBuildPhase;
			buildActionMask = 2147483647;
			files = (
				588876BB2B6D75D6003FEACE /* Preview Assets.xcassets in Resources */,
				588876B72B6D75D6003FEACE /* Assets.xcassets in Resources */,
			);
			runOnlyForDeploymentPostprocessing = 0;
		};
		588876BE2B6D75D6003FEACE /* Resources */ = {
			isa = PBXResourcesBuildPhase;
			buildActionMask = 2147483647;
			files = (
			);
			runOnlyForDeploymentPostprocessing = 0;
		};
		588876C82B6D75D6003FEACE /* Resources */ = {
			isa = PBXResourcesBuildPhase;
			buildActionMask = 2147483647;
			files = (
			);
			runOnlyForDeploymentPostprocessing = 0;
		};
/* End PBXResourcesBuildPhase section */

/* Begin PBXSourcesBuildPhase section */
		588876AB2B6D75D4003FEACE /* Sources */ = {
			isa = PBXSourcesBuildPhase;
			buildActionMask = 2147483647;
			files = (
				588876DE2B6D78A5003FEACE /* AppDelegate.swift in Sources */,
				588876B52B6D75D4003FEACE /* ContentView.swift in Sources */,
				588876B32B6D75D4003FEACE /* UnhurdSpotifySearchApp.swift in Sources */,
				588876E02B6D78BF003FEACE /* SceneDelegate.swift in Sources */,
			);
			runOnlyForDeploymentPostprocessing = 0;
		};
		588876BC2B6D75D6003FEACE /* Sources */ = {
			isa = PBXSourcesBuildPhase;
			buildActionMask = 2147483647;
			files = (
				588876C52B6D75D6003FEACE /* UnhurdSpotifySearchTests.swift in Sources */,
			);
			runOnlyForDeploymentPostprocessing = 0;
		};
		588876C62B6D75D6003FEACE /* Sources */ = {
			isa = PBXSourcesBuildPhase;
			buildActionMask = 2147483647;
			files = (
				588876CF2B6D75D6003FEACE /* UnhurdSpotifySearchUITests.swift in Sources */,
				588876D12B6D75D6003FEACE /* UnhurdSpotifySearchUITestsLaunchTests.swift in Sources */,
			);
			runOnlyForDeploymentPostprocessing = 0;
		};
/* End PBXSourcesBuildPhase section */

/* Begin PBXTargetDependency section */
		588876C22B6D75D6003FEACE /* PBXTargetDependency */ = {
			isa = PBXTargetDependency;
			target = 588876AE2B6D75D4003FEACE /* UnhurdSpotifySearch */;
			targetProxy = 588876C12B6D75D6003FEACE /* PBXContainerItemProxy */;
		};
		588876CC2B6D75D6003FEACE /* PBXTargetDependency */ = {
			isa = PBXTargetDependency;
			target = 588876AE2B6D75D4003FEACE /* UnhurdSpotifySearch */;
			targetProxy = 588876CB2B6D75D6003FEACE /* PBXContainerItemProxy */;
		};
/* End PBXTargetDependency section */

/* Begin XCBuildConfiguration section */
		588876D22B6D75D6003FEACE /* Debug */ = {
			isa = XCBuildConfiguration;
			buildSettings = {
				ALWAYS_SEARCH_USER_PATHS = NO;
				ASSETCATALOG_COMPILER_GENERATE_SWIFT_ASSET_SYMBOL_EXTENSIONS = YES;
				CLANG_ANALYZER_NONNULL = YES;
				CLANG_ANALYZER_NUMBER_OBJECT_CONVERSION = YES_AGGRESSIVE;
				CLANG_CXX_LANGUAGE_STANDARD = "gnu++20";
				CLANG_ENABLE_MODULES = YES;
				CLANG_ENABLE_OBJC_ARC = YES;
				CLANG_ENABLE_OBJC_WEAK = YES;
				CLANG_WARN_BLOCK_CAPTURE_AUTORELEASING = YES;
				CLANG_WARN_BOOL_CONVERSION = YES;
				CLANG_WARN_COMMA = YES;
				CLANG_WARN_CONSTANT_CONVERSION = YES;
				CLANG_WARN_DEPRECATED_OBJC_IMPLEMENTATIONS = YES;
				CLANG_WARN_DIRECT_OBJC_ISA_USAGE = YES_ERROR;
				CLANG_WARN_DOCUMENTATION_COMMENTS = YES;
				CLANG_WARN_EMPTY_BODY = YES;
				CLANG_WARN_ENUM_CONVERSION = YES;
				CLANG_WARN_INFINITE_RECURSION = YES;
				CLANG_WARN_INT_CONVERSION = YES;
				CLANG_WARN_NON_LITERAL_NULL_CONVERSION = YES;
				CLANG_WARN_OBJC_IMPLICIT_RETAIN_SELF = YES;
				CLANG_WARN_OBJC_LITERAL_CONVERSION = YES;
				CLANG_WARN_OBJC_ROOT_CLASS = YES_ERROR;
				CLANG_WARN_QUOTED_INCLUDE_IN_FRAMEWORK_HEADER = YES;
				CLANG_WARN_RANGE_LOOP_ANALYSIS = YES;
				CLANG_WARN_STRICT_PROTOTYPES = YES;
				CLANG_WARN_SUSPICIOUS_MOVE = YES;
				CLANG_WARN_UNGUARDED_AVAILABILITY = YES_AGGRESSIVE;
				CLANG_WARN_UNREACHABLE_CODE = YES;
				CLANG_WARN__DUPLICATE_METHOD_MATCH = YES;
				COPY_PHASE_STRIP = NO;
				DEBUG_INFORMATION_FORMAT = dwarf;
				ENABLE_STRICT_OBJC_MSGSEND = YES;
				ENABLE_TESTABILITY = YES;
				ENABLE_USER_SCRIPT_SANDBOXING = YES;
				GCC_C_LANGUAGE_STANDARD = gnu17;
				GCC_DYNAMIC_NO_PIC = NO;
				GCC_NO_COMMON_BLOCKS = YES;
				GCC_OPTIMIZATION_LEVEL = 0;
				GCC_PREPROCESSOR_DEFINITIONS = (
					"DEBUG=1",
					"$(inherited)",
				);
				GCC_WARN_64_TO_32_BIT_CONVERSION = YES;
				GCC_WARN_ABOUT_RETURN_TYPE = YES_ERROR;
				GCC_WARN_UNDECLARED_SELECTOR = YES;
				GCC_WARN_UNINITIALIZED_AUTOS = YES_AGGRESSIVE;
				GCC_WARN_UNUSED_FUNCTION = YES;
				GCC_WARN_UNUSED_VARIABLE = YES;
				LOCALIZATION_PREFERS_STRING_CATALOGS = YES;
				MTL_ENABLE_DEBUG_INFO = INCLUDE_SOURCE;
				MTL_FAST_MATH = YES;
				ONLY_ACTIVE_ARCH = YES;
				SWIFT_ACTIVE_COMPILATION_CONDITIONS = "DEBUG $(inherited)";
				SWIFT_OPTIMIZATION_LEVEL = "-Onone";
			};
			name = Debug;
		};
		588876D32B6D75D6003FEACE /* Release */ = {
			isa = XCBuildConfiguration;
			buildSettings = {
				ALWAYS_SEARCH_USER_PATHS = NO;
				ASSETCATALOG_COMPILER_GENERATE_SWIFT_ASSET_SYMBOL_EXTENSIONS = YES;
				CLANG_ANALYZER_NONNULL = YES;
				CLANG_ANALYZER_NUMBER_OBJECT_CONVERSION = YES_AGGRESSIVE;
				CLANG_CXX_LANGUAGE_STANDARD = "gnu++20";
				CLANG_ENABLE_MODULES = YES;
				CLANG_ENABLE_OBJC_ARC = YES;
				CLANG_ENABLE_OBJC_WEAK = YES;
				CLANG_WARN_BLOCK_CAPTURE_AUTORELEASING = YES;
				CLANG_WARN_BOOL_CONVERSION = YES;
				CLANG_WARN_COMMA = YES;
				CLANG_WARN_CONSTANT_CONVERSION = YES;
				CLANG_WARN_DEPRECATED_OBJC_IMPLEMENTATIONS = YES;
				CLANG_WARN_DIRECT_OBJC_ISA_USAGE = YES_ERROR;
				CLANG_WARN_DOCUMENTATION_COMMENTS = YES;
				CLANG_WARN_EMPTY_BODY = YES;
				CLANG_WARN_ENUM_CONVERSION = YES;
				CLANG_WARN_INFINITE_RECURSION = YES;
				CLANG_WARN_INT_CONVERSION = YES;
				CLANG_WARN_NON_LITERAL_NULL_CONVERSION = YES;
				CLANG_WARN_OBJC_IMPLICIT_RETAIN_SELF = YES;
				CLANG_WARN_OBJC_LITERAL_CONVERSION = YES;
				CLANG_WARN_OBJC_ROOT_CLASS = YES_ERROR;
				CLANG_WARN_QUOTED_INCLUDE_IN_FRAMEWORK_HEADER = YES;
				CLANG_WARN_RANGE_LOOP_ANALYSIS = YES;
				CLANG_WARN_STRICT_PROTOTYPES = YES;
				CLANG_WARN_SUSPICIOUS_MOVE = YES;
				CLANG_WARN_UNGUARDED_AVAILABILITY = YES_AGGRESSIVE;
				CLANG_WARN_UNREACHABLE_CODE = YES;
				CLANG_WARN__DUPLICATE_METHOD_MATCH = YES;
				COPY_PHASE_STRIP = NO;
				DEBUG_INFORMATION_FORMAT = "dwarf-with-dsym";
				ENABLE_NS_ASSERTIONS = NO;
				ENABLE_STRICT_OBJC_MSGSEND = YES;
				ENABLE_USER_SCRIPT_SANDBOXING = YES;
				GCC_C_LANGUAGE_STANDARD = gnu17;
				GCC_NO_COMMON_BLOCKS = YES;
				GCC_WARN_64_TO_32_BIT_CONVERSION = YES;
				GCC_WARN_ABOUT_RETURN_TYPE = YES_ERROR;
				GCC_WARN_UNDECLARED_SELECTOR = YES;
				GCC_WARN_UNINITIALIZED_AUTOS = YES_AGGRESSIVE;
				GCC_WARN_UNUSED_FUNCTION = YES;
				GCC_WARN_UNUSED_VARIABLE = YES;
				LOCALIZATION_PREFERS_STRING_CATALOGS = YES;
				MTL_ENABLE_DEBUG_INFO = NO;
				MTL_FAST_MATH = YES;
				SWIFT_COMPILATION_MODE = wholemodule;
			};
			name = Release;
		};
		588876D52B6D75D6003FEACE /* Debug */ = {
			isa = XCBuildConfiguration;
			buildSettings = {
				ASSETCATALOG_COMPILER_APPICON_NAME = AppIcon;
				ASSETCATALOG_COMPILER_GLOBAL_ACCENT_COLOR_NAME = AccentColor;
				CODE_SIGN_ENTITLEMENTS = UnhurdSpotifySearch/UnhurdSpotifySearch.entitlements;
				CODE_SIGN_STYLE = Automatic;
				CURRENT_PROJECT_VERSION = 1;
				DEVELOPMENT_ASSET_PATHS = "\"UnhurdSpotifySearch/Preview Content\"";
				ENABLE_PREVIEWS = YES;
				GENERATE_INFOPLIST_FILE = YES;
				"INFOPLIST_KEY_UIApplicationSceneManifest_Generation[sdk=iphoneos*]" = YES;
				"INFOPLIST_KEY_UIApplicationSceneManifest_Generation[sdk=iphonesimulator*]" = YES;
				"INFOPLIST_KEY_UIApplicationSupportsIndirectInputEvents[sdk=iphoneos*]" = YES;
				"INFOPLIST_KEY_UIApplicationSupportsIndirectInputEvents[sdk=iphonesimulator*]" = YES;
				"INFOPLIST_KEY_UILaunchScreen_Generation[sdk=iphoneos*]" = YES;
				"INFOPLIST_KEY_UILaunchScreen_Generation[sdk=iphonesimulator*]" = YES;
				"INFOPLIST_KEY_UIStatusBarStyle[sdk=iphoneos*]" = UIStatusBarStyleDefault;
				"INFOPLIST_KEY_UIStatusBarStyle[sdk=iphonesimulator*]" = UIStatusBarStyleDefault;
				INFOPLIST_KEY_UISupportedInterfaceOrientations_iPad = "UIInterfaceOrientationPortrait UIInterfaceOrientationPortraitUpsideDown UIInterfaceOrientationLandscapeLeft UIInterfaceOrientationLandscapeRight";
				INFOPLIST_KEY_UISupportedInterfaceOrientations_iPhone = "UIInterfaceOrientationPortrait UIInterfaceOrientationLandscapeLeft UIInterfaceOrientationLandscapeRight";
				IPHONEOS_DEPLOYMENT_TARGET = 17.2;
				LD_RUNPATH_SEARCH_PATHS = "@executable_path/Frameworks";
				"LD_RUNPATH_SEARCH_PATHS[sdk=macosx*]" = "@executable_path/../Frameworks";
				MACOSX_DEPLOYMENT_TARGET = 13.5;
				MARKETING_VERSION = 1.0;
				PRODUCT_BUNDLE_IDENTIFIER = com.unhurd.UnhurdSpotifySearch;
				PRODUCT_NAME = "$(TARGET_NAME)";
				SDKROOT = auto;
				SUPPORTED_PLATFORMS = "iphoneos iphonesimulator macosx";
				SWIFT_EMIT_LOC_STRINGS = YES;
				SWIFT_VERSION = 5.0;
				TARGETED_DEVICE_FAMILY = "1,2";
			};
			name = Debug;
		};
		588876D62B6D75D6003FEACE /* Release */ = {
			isa = XCBuildConfiguration;
			buildSettings = {
				ASSETCATALOG_COMPILER_APPICON_NAME = AppIcon;
				ASSETCATALOG_COMPILER_GLOBAL_ACCENT_COLOR_NAME = AccentColor;
				CODE_SIGN_ENTITLEMENTS = UnhurdSpotifySearch/UnhurdSpotifySearch.entitlements;
				CODE_SIGN_STYLE = Automatic;
				CURRENT_PROJECT_VERSION = 1;
				DEVELOPMENT_ASSET_PATHS = "\"UnhurdSpotifySearch/Preview Content\"";
				ENABLE_PREVIEWS = YES;
				GENERATE_INFOPLIST_FILE = YES;
				"INFOPLIST_KEY_UIApplicationSceneManifest_Generation[sdk=iphoneos*]" = YES;
				"INFOPLIST_KEY_UIApplicationSceneManifest_Generation[sdk=iphonesimulator*]" = YES;
				"INFOPLIST_KEY_UIApplicationSupportsIndirectInputEvents[sdk=iphoneos*]" = YES;
				"INFOPLIST_KEY_UIApplicationSupportsIndirectInputEvents[sdk=iphonesimulator*]" = YES;
				"INFOPLIST_KEY_UILaunchScreen_Generation[sdk=iphoneos*]" = YES;
				"INFOPLIST_KEY_UILaunchScreen_Generation[sdk=iphonesimulator*]" = YES;
				"INFOPLIST_KEY_UIStatusBarStyle[sdk=iphoneos*]" = UIStatusBarStyleDefault;
				"INFOPLIST_KEY_UIStatusBarStyle[sdk=iphonesimulator*]" = UIStatusBarStyleDefault;
				INFOPLIST_KEY_UISupportedInterfaceOrientations_iPad = "UIInterfaceOrientationPortrait UIInterfaceOrientationPortraitUpsideDown UIInterfaceOrientationLandscapeLeft UIInterfaceOrientationLandscapeRight";
				INFOPLIST_KEY_UISupportedInterfaceOrientations_iPhone = "UIInterfaceOrientationPortrait UIInterfaceOrientationLandscapeLeft UIInterfaceOrientationLandscapeRight";
				IPHONEOS_DEPLOYMENT_TARGET = 17.2;
				LD_RUNPATH_SEARCH_PATHS = "@executable_path/Frameworks";
				"LD_RUNPATH_SEARCH_PATHS[sdk=macosx*]" = "@executable_path/../Frameworks";
				MACOSX_DEPLOYMENT_TARGET = 13.5;
				MARKETING_VERSION = 1.0;
				PRODUCT_BUNDLE_IDENTIFIER = com.unhurd.UnhurdSpotifySearch;
				PRODUCT_NAME = "$(TARGET_NAME)";
				SDKROOT = auto;
				SUPPORTED_PLATFORMS = "iphoneos iphonesimulator macosx";
				SWIFT_EMIT_LOC_STRINGS = YES;
				SWIFT_VERSION = 5.0;
				TARGETED_DEVICE_FAMILY = "1,2";
			};
			name = Release;
		};
		588876D82B6D75D6003FEACE /* Debug */ = {
			isa = XCBuildConfiguration;
			buildSettings = {
				ALWAYS_EMBED_SWIFT_STANDARD_LIBRARIES = YES;
				BUNDLE_LOADER = "$(TEST_HOST)";
				CODE_SIGN_STYLE = Automatic;
				CURRENT_PROJECT_VERSION = 1;
				GENERATE_INFOPLIST_FILE = YES;
				IPHONEOS_DEPLOYMENT_TARGET = 17.2;
				MACOSX_DEPLOYMENT_TARGET = 13.5;
				MARKETING_VERSION = 1.0;
				PRODUCT_BUNDLE_IDENTIFIER = com.unhurd.UnhurdSpotifySearchTests;
				PRODUCT_NAME = "$(TARGET_NAME)";
				SDKROOT = auto;
				SUPPORTED_PLATFORMS = "iphoneos iphonesimulator macosx";
				SWIFT_EMIT_LOC_STRINGS = NO;
				SWIFT_VERSION = 5.0;
				TARGETED_DEVICE_FAMILY = "1,2";
				TEST_HOST = "$(BUILT_PRODUCTS_DIR)/UnhurdSpotifySearch.app/$(BUNDLE_EXECUTABLE_FOLDER_PATH)/UnhurdSpotifySearch";
			};
			name = Debug;
		};
		588876D92B6D75D6003FEACE /* Release */ = {
			isa = XCBuildConfiguration;
			buildSettings = {
				ALWAYS_EMBED_SWIFT_STANDARD_LIBRARIES = YES;
				BUNDLE_LOADER = "$(TEST_HOST)";
				CODE_SIGN_STYLE = Automatic;
				CURRENT_PROJECT_VERSION = 1;
				GENERATE_INFOPLIST_FILE = YES;
				IPHONEOS_DEPLOYMENT_TARGET = 17.2;
				MACOSX_DEPLOYMENT_TARGET = 13.5;
				MARKETING_VERSION = 1.0;
				PRODUCT_BUNDLE_IDENTIFIER = com.unhurd.UnhurdSpotifySearchTests;
				PRODUCT_NAME = "$(TARGET_NAME)";
				SDKROOT = auto;
				SUPPORTED_PLATFORMS = "iphoneos iphonesimulator macosx";
				SWIFT_EMIT_LOC_STRINGS = NO;
				SWIFT_VERSION = 5.0;
				TARGETED_DEVICE_FAMILY = "1,2";
				TEST_HOST = "$(BUILT_PRODUCTS_DIR)/UnhurdSpotifySearch.app/$(BUNDLE_EXECUTABLE_FOLDER_PATH)/UnhurdSpotifySearch";
			};
			name = Release;
		};
		588876DB2B6D75D6003FEACE /* Debug */ = {
			isa = XCBuildConfiguration;
			buildSettings = {
				ALWAYS_EMBED_SWIFT_STANDARD_LIBRARIES = YES;
				CODE_SIGN_STYLE = Automatic;
				CURRENT_PROJECT_VERSION = 1;
				GENERATE_INFOPLIST_FILE = YES;
				IPHONEOS_DEPLOYMENT_TARGET = 17.2;
				MACOSX_DEPLOYMENT_TARGET = 13.5;
				MARKETING_VERSION = 1.0;
				PRODUCT_BUNDLE_IDENTIFIER = com.unhurd.UnhurdSpotifySearchUITests;
				PRODUCT_NAME = "$(TARGET_NAME)";
				SDKROOT = auto;
				SUPPORTED_PLATFORMS = "iphoneos iphonesimulator macosx";
				SWIFT_EMIT_LOC_STRINGS = NO;
				SWIFT_VERSION = 5.0;
				TARGETED_DEVICE_FAMILY = "1,2";
				TEST_TARGET_NAME = UnhurdSpotifySearch;
			};
			name = Debug;
		};
		588876DC2B6D75D6003FEACE /* Release */ = {
			isa = XCBuildConfiguration;
			buildSettings = {
				ALWAYS_EMBED_SWIFT_STANDARD_LIBRARIES = YES;
				CODE_SIGN_STYLE = Automatic;
				CURRENT_PROJECT_VERSION = 1;
				GENERATE_INFOPLIST_FILE = YES;
				IPHONEOS_DEPLOYMENT_TARGET = 17.2;
				MACOSX_DEPLOYMENT_TARGET = 13.5;
				MARKETING_VERSION = 1.0;
				PRODUCT_BUNDLE_IDENTIFIER = com.unhurd.UnhurdSpotifySearchUITests;
				PRODUCT_NAME = "$(TARGET_NAME)";
				SDKROOT = auto;
				SUPPORTED_PLATFORMS = "iphoneos iphonesimulator macosx";
				SWIFT_EMIT_LOC_STRINGS = NO;
				SWIFT_VERSION = 5.0;
				TARGETED_DEVICE_FAMILY = "1,2";
				TEST_TARGET_NAME = UnhurdSpotifySearch;
			};
			name = Release;
		};
/* End XCBuildConfiguration section */

/* Begin XCConfigurationList section */
		588876AA2B6D75D4003FEACE /* Build configuration list for PBXProject "UnhurdSpotifySearch" */ = {
			isa = XCConfigurationList;
			buildConfigurations = (
				588876D22B6D75D6003FEACE /* Debug */,
				588876D32B6D75D6003FEACE /* Release */,
			);
			defaultConfigurationIsVisible = 0;
			defaultConfigurationName = Release;
		};
		588876D42B6D75D6003FEACE /* Build configuration list for PBXNativeTarget "UnhurdSpotifySearch" */ = {
			isa = XCConfigurationList;
			buildConfigurations = (
				588876D52B6D75D6003FEACE /* Debug */,
				588876D62B6D75D6003FEACE /* Release */,
			);
			defaultConfigurationIsVisible = 0;
			defaultConfigurationName = Release;
		};
		588876D72B6D75D6003FEACE /* Build configuration list for PBXNativeTarget "UnhurdSpotifySearchTests" */ = {
			isa = XCConfigurationList;
			buildConfigurations = (
				588876D82B6D75D6003FEACE /* Debug */,
				588876D92B6D75D6003FEACE /* Release */,
			);
			defaultConfigurationIsVisible = 0;
			defaultConfigurationName = Release;
		};
		588876DA2B6D75D6003FEACE /* Build configuration list for PBXNativeTarget "UnhurdSpotifySearchUITests" */ = {
			isa = XCConfigurationList;
			buildConfigurations = (
				588876DB2B6D75D6003FEACE /* Debug */,
				588876DC2B6D75D6003FEACE /* Release */,
			);
			defaultConfigurationIsVisible = 0;
			defaultConfigurationName = Release;
		};
/* End XCConfigurationList section */
	};
	rootObject = 588876A72B6D75D4003FEACE /* Project object */;
}
